
Microsoft Visual Studio Solution File, Format Version 12.00
# Visual Studio Version 16
VisualStudioVersion = 16.0.30907.101
MinimumVisualStudioVersion = 10.0.40219.1
Project("{FAE04EC0-301F-11D3-BF4B-00C04F79EFBC}") = "ExcavatorController", "ExcavatorController\ExcavatorController.csproj", "{B90F62E7-0E7D-4597-905D-5BA4F997641F}"
EndProject
Project("{D954291E-2A0B-460D-934E-DC6B0785DB48}") = "CommonUtilities", "CommonUtilities\CommonUtilities.shproj", "{F5E987A1-F244-40A6-9757-C5FFE4A4AD12}"
EndProject
Project("{FAE04EC0-301F-11D3-BF4B-00C04F79EFBC}") = "SelfDestruct", "SelfDestruct\SelfDestruct.csproj", "{0189A82C-6F45-4B99-A36E-99D8241D00B4}"
EndProject
Global
	GlobalSection(SharedMSBuildProjectFiles) = preSolution
		CommonUtilities\CommonUtilities.projitems*{0189a82c-6f45-4b99-a36e-99d8241d00b4}*SharedItemsImports = 4
		CommonUtilities\CommonUtilities.projitems*{b90f62e7-0e7d-4597-905d-5ba4f997641f}*SharedItemsImports = 4
		CommonUtilities\CommonUtilities.projitems*{f5e987a1-f244-40a6-9757-c5ffe4a4ad12}*SharedItemsImports = 13
	EndGlobalSection
	GlobalSection(SolutionConfigurationPlatforms) = preSolution
		Debug|x64 = Debug|x64
	EndGlobalSection
	GlobalSection(ProjectConfigurationPlatforms) = postSolution
		{B90F62E7-0E7D-4597-905D-5BA4F997641F}.Debug|x64.ActiveCfg = Debug|x64
		{B90F62E7-0E7D-4597-905D-5BA4F997641F}.Debug|x64.Build.0 = Debug|x64
		{0189A82C-6F45-4B99-A36E-99D8241D00B4}.Debug|x64.ActiveCfg = Debug|x64
		{0189A82C-6F45-4B99-A36E-99D8241D00B4}.Debug|x64.Build.0 = Debug|x64
	EndGlobalSection
	GlobalSection(SolutionProperties) = preSolution
		HideSolutionNode = FALSE
	EndGlobalSection
	GlobalSection(ExtensibilityGlobals) = postSolution
		SolutionGuid = {3FA0898E-19C8-4EC4-B832-2B63D53D95A6}
	EndGlobalSection
EndGlobal
